{
  "nodes": {
    "blobs": {
      "flake": false,
      "locked": {
        "lastModified": 1604995301,
        "narHash": "sha256-wcLzgLec6SGJA8fx1OEN1yV/Py5b+U5iyYpksUY/yLw=",
        "owner": "simple-nixos-mailserver",
        "repo": "blobs",
        "rev": "2cccdf1ca48316f2cfd1c9a0017e8de5a7156265",
        "type": "gitlab"
      },
      "original": {
        "owner": "simple-nixos-mailserver",
        "repo": "blobs",
        "type": "gitlab"
      }
    },
    "extra-container": {
      "inputs": {
        "flake-utils": [
          "nix-bitcoin",
          "flake-utils"
        ],
        "nixpkgs": [
          "nixpkgs"
        ]
      },
      "locked": {
        "lastModified": 1667517617,
        "narHash": "sha256-ULlUL4Mlvnqsnj0fY7JetOdsNXneE4PZWkZFqEea06o=",
        "owner": "erikarvstedt",
        "repo": "extra-container",
        "rev": "e8b18c15c4539d33db82384c608ca1222956f4ef",
        "type": "github"
      },
      "original": {
        "owner": "erikarvstedt",
        "ref": "container-checking",
        "repo": "extra-container",
        "type": "github"
      }
    },
    "flake-utils": {
      "locked": {
        "lastModified": 1667395993,
        "narHash": "sha256-nuEHfE/LcWyuSWnS8t12N1wc105Qtau+/OdUAjtQ0rA=",
        "owner": "numtide",
        "repo": "flake-utils",
        "rev": "5aed5285a952e0b949eb3ba02c12fa4fcfef535f",
        "type": "github"
      },
      "original": {
        "owner": "numtide",
        "repo": "flake-utils",
        "type": "github"
      }
    },
    "nix-bitcoin": {
      "inputs": {
        "extra-container": [
          "extra-container"
        ],
        "flake-utils": "flake-utils",
        "nixpkgs": "nixpkgs",
        "nixpkgs-unstable": "nixpkgs-unstable"
      },
      "locked": {
        "lastModified": 1670164602,
        "narHash": "sha256-snqECvBbuyTCp23GHvk6JRFZ2go+aTojLAfxkzSXMUE=",
        "owner": "erikarvstedt",
        "repo": "nix-bitcoin",
        "rev": "6a712722c8913196954dd95f012dac5c23b0be65",
        "type": "github"
      },
      "original": {
        "owner": "erikarvstedt",
        "ref": "mempool-ea",
        "repo": "nix-bitcoin",
        "type": "github"
      }
    },
    "nixos-mailserver": {
      "inputs": {
        "blobs": "blobs",
        "nixpkgs": [
          "nixpkgs"
        ],
        "nixpkgs-22_05": [
          "nixpkgs"
        ],
        "utils": [
          "nix-bitcoin",
          "flake-utils"
        ]
      },
      "locked": {
        "lastModified": 1655930346,
        "narHash": "sha256-ht56HHOzEhjeIgAv5ZNFjSVX/in1YlUs0HG9c1EUXTM=",
        "owner": "simple-nixos-mailserver",
        "repo": "nixos-mailserver",
        "rev": "f535d8123c4761b2ed8138f3d202ea710a334a1d",
        "type": "gitlab"
      },
      "original": {
        "owner": "simple-nixos-mailserver",
        "ref": "nixos-22.05",
        "repo": "nixos-mailserver",
        "type": "gitlab"
      }
    },
    "nixpkgs": {
      "locked": {
        "lastModified": 1669418739,
        "narHash": "sha256-T86oFvcUIRwHWBWUt7WjaP4BP/3lDGbv5AppQSI1FkI=",
        "owner": "NixOS",
        "repo": "nixpkgs",
        "rev": "695b3515251873e0a7e2021add4bba643c56cde3",
        "type": "github"
      },
      "original": {
        "owner": "NixOS",
        "ref": "nixos-22.05",
        "repo": "nixpkgs",
        "type": "github"
      }
    },
    "nixpkgs-unstable": {
      "locked": {
        "lastModified": 1669535121,
        "narHash": "sha256-koZLM7oWVGrjyHnYDo7/w5qlmUn9UZUKSFNfmIjueE8=",
        "owner": "NixOS",
        "repo": "nixpkgs",
        "rev": "b45ec953794bb07922f0468152ad1ebaf8a084b3",
        "type": "github"
      },
      "original": {
        "owner": "NixOS",
        "ref": "nixpkgs-unstable",
        "repo": "nixpkgs",
        "type": "github"
      }
    },
    "root": {
      "inputs": {
        "extra-container": "extra-container",
        "nix-bitcoin": "nix-bitcoin",
        "nixos-mailserver": "nixos-mailserver",
        "nixpkgs": [
          "nix-bitcoin",
          "nixpkgs"
        ],
        "nixpkgs-unstable": [
          "nix-bitcoin",
          "nixpkgs-unstable"
        ]
      }
    }
  },
  "root": "root",
  "version": 7
}
